{
  "originHash" : "78bf731ebfea625f715d587478adfddf0b3e7bc26a0307e4dbd4bde0b2996ec9",
  "pins" : [
    {
      "identity" : "lp-mobile-sdk-ios-spm",
      "kind" : "remoteSourceControl",
      "location" : "https://github.com/LP-Messaging/lp-mobile-sdk-ios-spm",
      "state" : {
        "revision" : "356c200b97fc44ea9d2377efb70fc368af80ea7a",
        "version" : "6.23.0"
      }
    }
  ],
  "version" : 3
}
